
Microsoft Visual Studio Solution File, Format Version 12.00
Project("{FAE04EC0-301F-11D3-BF4B-00C04F79EFBC}") = "AzureDevOpsTestCasesAutomationConnector", "AzureDevOpsTestCasesAutomationConnector\AzureDevOpsTestCasesAutomationConnector.csproj", "{127528AF-6BBD-4CCD-8CC2-3D99A1C810DB}"
EndProject
Global
	GlobalSection(SolutionConfigurationPlatforms) = preSolution
		Debug|Any CPU = Debug|Any CPU
		Release|Any CPU = Release|Any CPU
	EndGlobalSection
	GlobalSection(ProjectConfigurationPlatforms) = postSolution
		{127528AF-6BBD-4CCD-8CC2-3D99A1C810DB}.Debug|Any CPU.ActiveCfg = Debug|Any CPU
		{127528AF-6BBD-4CCD-8CC2-3D99A1C810DB}.Debug|Any CPU.Build.0 = Debug|Any CPU
		{127528AF-6BBD-4CCD-8CC2-3D99A1C810DB}.Release|Any CPU.ActiveCfg = Release|Any CPU
		{127528AF-6BBD-4CCD-8CC2-3D99A1C810DB}.Release|Any CPU.Build.0 = Release|Any CPU
	EndGlobalSection
EndGlobal
